{
  "version": "5",
  "specifiers": {
    "jsr:@std/assert@^1.0.19": "1.0.19",
    "jsr:@std/cli@^1.0.32": "1.0.32",
    "jsr:@std/fmt@^1.0.10": "1.0.10",
    "jsr:@std/internal@^1.0.12": "1.0.14",
    "jsr:@std/internal@^1.0.14": "1.0.14",
    "jsr:@zod/zod@^4.4.3": "4.4.3",
    "npm:chevrotain@^13.2.0": "13.2.0"
  },
  "jsr": {
    "@std/assert@1.0.19": {
      "integrity": "eaada96ee120cb980bc47e040f82814d786fe8162ecc53c91d8df60b8755991e",
      "dependencies": [
        "jsr:@std/internal@^1.0.12"
      ]
    },
    "@std/cli@1.0.32": {
      "integrity": "188b3a100d6202d64e3f5bd3d799c7fa4f6d77f92cc65eb7f641c1fa0aa92a66",
      "dependencies": [
        "jsr:@std/fmt",
        "jsr:@std/internal@^1.0.14"
      ]
    },
    "@std/fmt@1.0.10": {
      "integrity": "90dfba288802ac6de82fb31d0917eb9e4450b9925b954d5e51fc29ac07419db5"
    },
    "@std/internal@1.0.14": {
      "integrity": "291516b3d4c35024d6ffbc0a9df5bf4c64116e05b50012cf846710152d2ffdf7"
    },
    "@zod/zod@4.4.3": {
      "integrity": "4712ac0967efaa718b37c36eaffb4e1d4457e1a266aef6efb3ab36f54a6fefe4"
    }
  },
  "npm": {
    "@chevrotain/cst-dts-gen@13.2.0": {
      "integrity": "sha512-bA9dvWlhAUcHkNwU+8w9yiUxJPlj/Lm3VqS7MD+NbIR/7LmpNLuK/AWNFdCo/T3SK5ND0/UHf3IJvl/Jn/i6yg==",
      "dependencies": [
        "@chevrotain/gast",
        "@chevrotain/types"
      ]
    },
    "@chevrotain/gast@13.2.0": {
      "integrity": "sha512-bCARdAsG+eEbOveSXcOAC7pVxA04I1ionzeMOwIYf5NX7SaS7zgn4Dgug2BSqoL+iyKeMNSorQjsFSHJHsCNwg==",
      "dependencies": [
        "@chevrotain/types"
      ]
    },
    "@chevrotain/regexp-to-ast@13.2.0": {
      "integrity": "sha512-kxpUkLtiaK09ph+dib+Yvm+3sWSnuwlo25gqfKRgTPNmF6H7uW4gVkMjaRdtnN783S9sM6vUNWh9CsxYX4QwKw=="
    },
    "@chevrotain/types@13.2.0": {
      "integrity": "sha512-7qrYHRlKfWf2AvBfJi5eVOrKAkbxvMFsy/iIHTGIiApNcEecCaVIdR+mIQhyCBsTDJxBz4JWXHMo6krbhR9hVg=="
    },
    "@chevrotain/utils@13.2.0": {
      "integrity": "sha512-SzKYY68rseOrb9KILVzPsl6SjkQtdWw01SRGB5aCVI5kFcHltQsOYV3JB0Ffst72DgkvHCyDQ0NLwxtmCCf97Q=="
    },
    "chevrotain@13.2.0": {
      "integrity": "sha512-GTouk5YzgBxlTPCaDn5q0q2EJKkrYmnPF+HmF8v0Qo4r3iyPG7HJivkN1wthCXZcm3sIcZFpGTRovLPNdJNRCA==",
      "dependencies": [
        "@chevrotain/cst-dts-gen",
        "@chevrotain/gast",
        "@chevrotain/regexp-to-ast",
        "@chevrotain/types",
        "@chevrotain/utils"
      ]
    }
  },
  "workspace": {
    "dependencies": [
      "jsr:@std/assert@^1.0.19",
      "jsr:@std/cli@^1.0.32",
      "jsr:@zod/zod@^4.4.3",
      "npm:chevrotain@^13.2.0"
    ]
  }
}
